
Microsoft Visual Studio Solution File, Format Version 12.00
# Visual Studio 2012
Project("{FAE04EC0-301F-11D3-BF4B-00C04F79EFBC}") = "SponsorClient", "SponsorClient\SponsorClient.csproj", "{C2394924-0662-4D55-A74D-A4382D6186D5}"
EndProject
Project("{FAE04EC0-301F-11D3-BF4B-00C04F79EFBC}") = "SponsorLibrary", "SponsorLibrary\SponsorLibrary.csproj", "{53518835-1F3D-407C-A13F-D0064AD790F9}"
EndProject
Project("{FAE04EC0-301F-11D3-BF4B-00C04F79EFBC}") = "SponsorServer", "SponsorServer\SponsorServer.csproj", "{FD0BA3A3-F0D3-4824-B54B-A4016862CD1F}"
EndProject
Global
	GlobalSection(SolutionConfigurationPlatforms) = preSolution
		Debug|Any CPU = Debug|Any CPU
		Release|Any CPU = Release|Any CPU
	EndGlobalSection
	GlobalSection(ProjectConfigurationPlatforms) = postSolution
		{C2394924-0662-4D55-A74D-A4382D6186D5}.Debug|Any CPU.ActiveCfg = Debug|Any CPU
		{C2394924-0662-4D55-A74D-A4382D6186D5}.Debug|Any CPU.Build.0 = Debug|Any CPU
		{C2394924-0662-4D55-A74D-A4382D6186D5}.Release|Any CPU.ActiveCfg = Release|Any CPU
		{C2394924-0662-4D55-A74D-A4382D6186D5}.Release|Any CPU.Build.0 = Release|Any CPU
		{53518835-1F3D-407C-A13F-D0064AD790F9}.Debug|Any CPU.ActiveCfg = Debug|Any CPU
		{53518835-1F3D-407C-A13F-D0064AD790F9}.Debug|Any CPU.Build.0 = Debug|Any CPU
		{53518835-1F3D-407C-A13F-D0064AD790F9}.Release|Any CPU.ActiveCfg = Release|Any CPU
		{53518835-1F3D-407C-A13F-D0064AD790F9}.Release|Any CPU.Build.0 = Release|Any CPU
		{FD0BA3A3-F0D3-4824-B54B-A4016862CD1F}.Debug|Any CPU.ActiveCfg = Debug|Any CPU
		{FD0BA3A3-F0D3-4824-B54B-A4016862CD1F}.Debug|Any CPU.Build.0 = Debug|Any CPU
		{FD0BA3A3-F0D3-4824-B54B-A4016862CD1F}.Release|Any CPU.ActiveCfg = Release|Any CPU
		{FD0BA3A3-F0D3-4824-B54B-A4016862CD1F}.Release|Any CPU.Build.0 = Release|Any CPU
	EndGlobalSection
	GlobalSection(SolutionProperties) = preSolution
		HideSolutionNode = FALSE
	EndGlobalSection
EndGlobal
